
Microsoft Visual Studio Solution File, Format Version 12.00
# Visual Studio Version 17
VisualStudioVersion = 17.13.35931.197 d17.13
MinimumVisualStudioVersion = 10.0.40219.1
Project("{FAE04EC0-301F-11D3-BF4B-00C04F79EFBC}") = "NdkLesson03", "NdkLesson03.csproj", "{102924BE-3526-4BA5-B5C3-79FF5439E296}"
EndProject
Global
	GlobalSection(SolutionConfigurationPlatforms) = preSolution
		Debug|Any CPU = Debug|Any CPU
		Release|Any CPU = Release|Any CPU
	EndGlobalSection
	GlobalSection(ProjectConfigurationPlatforms) = postSolution
		{102924BE-3526-4BA5-B5C3-79FF5439E296}.Debug|Any CPU.ActiveCfg = Debug|Any CPU
		{102924BE-3526-4BA5-B5C3-79FF5439E296}.Debug|Any CPU.Build.0 = Debug|Any CPU
		{102924BE-3526-4BA5-B5C3-79FF5439E296}.Release|Any CPU.ActiveCfg = Release|Any CPU
		{102924BE-3526-4BA5-B5C3-79FF5439E296}.Release|Any CPU.Build.0 = Release|Any CPU
	EndGlobalSection
	GlobalSection(SolutionProperties) = preSolution
		HideSolutionNode = FALSE
	EndGlobalSection
	GlobalSection(ExtensibilityGlobals) = postSolution
		SolutionGuid = {B0D00645-CFBD-4405-9008-4FDD658D9A0B}
	EndGlobalSection
EndGlobal
