
Microsoft Visual Studio Solution File, Format Version 12.00
# Visual Studio Version 17
VisualStudioVersion = 17.13.35931.197 d17.13
MinimumVisualStudioVersion = 10.0.40219.1
Project("{FAE04EC0-301F-11D3-BF4B-00C04F79EFBC}") = "NdkLesson07", "NdkLesson07.csproj", "{96DE61B2-C1D9-4E71-8BD2-D1FB89DD28EC}"
EndProject
Global
	GlobalSection(SolutionConfigurationPlatforms) = preSolution
		Debug|Any CPU = Debug|Any CPU
		Release|Any CPU = Release|Any CPU
	EndGlobalSection
	GlobalSection(ProjectConfigurationPlatforms) = postSolution
		{96DE61B2-C1D9-4E71-8BD2-D1FB89DD28EC}.Debug|Any CPU.ActiveCfg = Debug|Any CPU
		{96DE61B2-C1D9-4E71-8BD2-D1FB89DD28EC}.Debug|Any CPU.Build.0 = Debug|Any CPU
		{96DE61B2-C1D9-4E71-8BD2-D1FB89DD28EC}.Release|Any CPU.ActiveCfg = Release|Any CPU
		{96DE61B2-C1D9-4E71-8BD2-D1FB89DD28EC}.Release|Any CPU.Build.0 = Release|Any CPU
	EndGlobalSection
	GlobalSection(SolutionProperties) = preSolution
		HideSolutionNode = FALSE
	EndGlobalSection
	GlobalSection(ExtensibilityGlobals) = postSolution
		SolutionGuid = {54ACBC50-8F87-4D8A-AD71-D002A34008E8}
	EndGlobalSection
EndGlobal
