
Microsoft Visual Studio Solution File, Format Version 12.00
# Visual Studio Version 17
VisualStudioVersion = 17.13.35931.197 d17.13
MinimumVisualStudioVersion = 10.0.40219.1
Project("{FAE04EC0-301F-11D3-BF4B-00C04F79EFBC}") = "NdkLesson05", "NdkLesson05.csproj", "{AE0F5F78-46C1-43C4-B0D1-E922A9DD3AF9}"
EndProject
Global
	GlobalSection(SolutionConfigurationPlatforms) = preSolution
		Debug|Any CPU = Debug|Any CPU
		Release|Any CPU = Release|Any CPU
	EndGlobalSection
	GlobalSection(ProjectConfigurationPlatforms) = postSolution
		{AE0F5F78-46C1-43C4-B0D1-E922A9DD3AF9}.Debug|Any CPU.ActiveCfg = Debug|Any CPU
		{AE0F5F78-46C1-43C4-B0D1-E922A9DD3AF9}.Debug|Any CPU.Build.0 = Debug|Any CPU
		{AE0F5F78-46C1-43C4-B0D1-E922A9DD3AF9}.Release|Any CPU.ActiveCfg = Release|Any CPU
		{AE0F5F78-46C1-43C4-B0D1-E922A9DD3AF9}.Release|Any CPU.Build.0 = Release|Any CPU
	EndGlobalSection
	GlobalSection(SolutionProperties) = preSolution
		HideSolutionNode = FALSE
	EndGlobalSection
	GlobalSection(ExtensibilityGlobals) = postSolution
		SolutionGuid = {59B74B8A-F5BF-49D9-BCCC-E9589AD63650}
	EndGlobalSection
EndGlobal
